// !$*UTF8*$!
{
	archiveVersion = 1;
	classes = {
	};
	objectVersion = 50;
	objects = {

/* Begin PBXBuildFile section */
		2D151B4C2541B78E00F17A2A /* LocationViewController.swift in Sources */ = {isa = PBXBuildFile; fileRef = 2D151B4B2541B78E00F17A2A /* LocationViewController.swift */; };
		2D2A11472549A72000E7F57D /* Device.swift in Sources */ = {isa = PBXBuildFile; fileRef = 2D2A11462549A72000E7F57D /* Device.swift */; };
		2D2A114D2549B78C00E7F57D /* FinishViewController.swift in Sources */ = {isa = PBXBuildFile; fileRef = 2D2A112B254852A100E7F57D /* FinishViewController.swift */; };
		2D338E722559C00100FD5E1E /* UserViewController.swift in Sources */ = {isa = PBXBuildFile; fileRef = 2D338E712559C00100FD5E1E /* UserViewController.swift */; };
		2D56C47F256702F800EBFFC4 /* com.CAInventoryManager.plist in Resources */ = {isa = PBXBuildFile; fileRef = 2D56C47E256702F800EBFFC4 /* com.CAInventoryManager.plist */; };
		2D5AD1CE253F0DC3006125F7 /* AppDelegate.swift in Sources */ = {isa = PBXBuildFile; fileRef = 2D5AD1CD253F0DC3006125F7 /* AppDelegate.swift */; };
		2D5AD1D2253F0DC4006125F7 /* Assets.xcassets in Resources */ = {isa = PBXBuildFile; fileRef = 2D5AD1D1253F0DC4006125F7 /* Assets.xcassets */; };
		2D5AD1D5253F0DC4006125F7 /* Main.storyboard in Resources */ = {isa = PBXBuildFile; fileRef = 2D5AD1D3253F0DC4006125F7 /* Main.storyboard */; };
		2D5AD1E6253F0FDA006125F7 /* HomeViewController.swift in Sources */ = {isa = PBXBuildFile; fileRef = 2D5AD1E5253F0FDA006125F7 /* HomeViewController.swift */; };
		2D5AD1EB253F1A87006125F7 /* SystemViewController.swift in Sources */ = {isa = PBXBuildFile; fileRef = 2D5AD1E9253F1A87006125F7 /* SystemViewController.swift */; };
		2D5AD1F2253F3F13006125F7 /* WindowController.swift in Sources */ = {isa = PBXBuildFile; fileRef = 2D5AD1F1253F3F13006125F7 /* WindowController.swift */; };
		2D69FC53254AF5F000FA5F8A /* HttpClient.swift in Sources */ = {isa = PBXBuildFile; fileRef = 2D69FC52254AF5F000FA5F8A /* HttpClient.swift */; };
		2D69FC5825506AAF00FA5F8A /* String.extensions.swift in Sources */ = {isa = PBXBuildFile; fileRef = 2D69FC5725506AAF00FA5F8A /* String.extensions.swift */; };
		2D69FC5B25543BF400FA5F8A /* LocationService.swift in Sources */ = {isa = PBXBuildFile; fileRef = 2D69FC5A25543BF400FA5F8A /* LocationService.swift */; };
		2D69FC5E25544C6400FA5F8A /* Notification.extensions.swift in Sources */ = {isa = PBXBuildFile; fileRef = 2D69FC5D25544C6400FA5F8A /* Notification.extensions.swift */; };
		2D8BBB942549C99300B521FA /* Location.swift in Sources */ = {isa = PBXBuildFile; fileRef = 2D8BBB932549C99300B521FA /* Location.swift */; };
		2DFAC206256C2085005BCB24 /* User.swift in Sources */ = {isa = PBXBuildFile; fileRef = 2DFAC205256C2085005BCB24 /* User.swift */; };
/* End PBXBuildFile section */

/* Begin PBXCopyFilesBuildPhase section */
		2D8A73A4255C50B500A333C4 /* Copy Files */ = {
			isa = PBXCopyFilesBuildPhase;
			buildActionMask = 12;
			dstPath = "";
			dstSubfolderSpec = 7;
			files = (
			);
			name = "Copy Files";
			runOnlyForDeploymentPostprocessing = 0;
		};
/* End PBXCopyFilesBuildPhase section */

/* Begin PBXFileReference section */
		2D151B4B2541B78E00F17A2A /* LocationViewController.swift */ = {isa = PBXFileReference; lastKnownFileType = sourcecode.swift; path = LocationViewController.swift; sourceTree = "<group>"; };
		2D2A112B254852A100E7F57D /* FinishViewController.swift */ = {isa = PBXFileReference; lastKnownFileType = sourcecode.swift; path = FinishViewController.swift; sourceTree = "<group>"; };
		2D2A11462549A72000E7F57D /* Device.swift */ = {isa = PBXFileReference; lastKnownFileType = sourcecode.swift; path = Device.swift; sourceTree = "<group>"; };
		2D338E712559C00100FD5E1E /* UserViewController.swift */ = {isa = PBXFileReference; lastKnownFileType = sourcecode.swift; path = UserViewController.swift; sourceTree = "<group>"; };
		2D56C47E256702F800EBFFC4 /* com.CAInventoryManager.plist */ = {isa = PBXFileReference; lastKnownFileType = text.plist.xml; path = com.CAInventoryManager.plist; sourceTree = "<group>"; };
		2D5AD1CA253F0DC3006125F7 /* InventoryManager.app */ = {isa = PBXFileReference; explicitFileType = wrapper.application; includeInIndex = 0; path = InventoryManager.app; sourceTree = BUILT_PRODUCTS_DIR; };
		2D5AD1CD253F0DC3006125F7 /* AppDelegate.swift */ = {isa = PBXFileReference; lastKnownFileType = sourcecode.swift; path = AppDelegate.swift; sourceTree = "<group>"; };
		2D5AD1D1253F0DC4006125F7 /* Assets.xcassets */ = {isa = PBXFileReference; lastKnownFileType = folder.assetcatalog; path = Assets.xcassets; sourceTree = "<group>"; };
		2D5AD1D4253F0DC4006125F7 /* Base */ = {isa = PBXFileReference; lastKnownFileType = file.storyboard; name = Base; path = Base.lproj/Main.storyboard; sourceTree = "<group>"; };
		2D5AD1D6253F0DC4006125F7 /* Info.plist */ = {isa = PBXFileReference; lastKnownFileType = text.plist.xml; path = Info.plist; sourceTree = "<group>"; };
		2D5AD1D7253F0DC4006125F7 /* Inventory_Manager.entitlements */ = {isa = PBXFileReference; lastKnownFileType = text.plist.entitlements; path = Inventory_Manager.entitlements; sourceTree = "<group>"; };
		2D5AD1E5253F0FDA006125F7 /* HomeViewController.swift */ = {isa = PBXFileReference; lastKnownFileType = sourcecode.swift; path = HomeViewController.swift; sourceTree = "<group>"; };
		2D5AD1E9253F1A87006125F7 /* SystemViewController.swift */ = {isa = PBXFileReference; lastKnownFileType = sourcecode.swift; path = SystemViewController.swift; sourceTree = "<group>"; };
		2D5AD1F1253F3F13006125F7 /* WindowController.swift */ = {isa = PBXFileReference; lastKnownFileType = sourcecode.swift; path = WindowController.swift; sourceTree = "<group>"; };
		2D69FC52254AF5F000FA5F8A /* HttpClient.swift */ = {isa = PBXFileReference; lastKnownFileType = sourcecode.swift; name = HttpClient.swift; path = ../../app/Services/HttpClient.swift; sourceTree = "<group>"; };
		2D69FC5725506AAF00FA5F8A /* String.extensions.swift */ = {isa = PBXFileReference; lastKnownFileType = sourcecode.swift; name = String.extensions.swift; path = ../../app/Extensions/String.extensions.swift; sourceTree = "<group>"; };
		2D69FC5A25543BF400FA5F8A /* LocationService.swift */ = {isa = PBXFileReference; lastKnownFileType = sourcecode.swift; name = LocationService.swift; path = ../../app/Services/LocationService.swift; sourceTree = "<group>"; };
		2D69FC5D25544C6400FA5F8A /* Notification.extensions.swift */ = {isa = PBXFileReference; lastKnownFileType = sourcecode.swift; name = Notification.extensions.swift; path = ../../app/Extensions/Notification.extensions.swift; sourceTree = "<group>"; };
		2D8BBB932549C99300B521FA /* Location.swift */ = {isa = PBXFileReference; lastKnownFileType = sourcecode.swift; path = Location.swift; sourceTree = "<group>"; };
		2DFAC205256C2085005BCB24 /* User.swift */ = {isa = PBXFileReference; lastKnownFileType = sourcecode.swift; path = User.swift; sourceTree = "<group>"; };
/* End PBXFileReference section */

/* Begin PBXFrameworksBuildPhase section */
		2D5AD1C7253F0DC3006125F7 /* Frameworks */ = {
			isa = PBXFrameworksBuildPhase;
			buildActionMask = 2147483647;
			files = (
			);
			runOnlyForDeploymentPostprocessing = 0;
		};
/* End PBXFrameworksBuildPhase section */

/* Begin PBXGroup section */
		2D2A11492549A72500E7F57D /* Models */ = {
			isa = PBXGroup;
			children = (
				2D2A11462549A72000E7F57D /* Device.swift */,
				2D8BBB932549C99300B521FA /* Location.swift */,
				2DFAC205256C2085005BCB24 /* User.swift */,
			);
			path = Models;
			sourceTree = "<group>";
		};
		2D5AD1C1253F0DC3006125F7 = {
			isa = PBXGroup;
			children = (
				2D69FC5625506A9A00FA5F8A /* Extensions */,
				2D69FC51254AF5B500FA5F8A /* Services */,
				2D2A11492549A72500E7F57D /* Models */,
				2D5AD1CC253F0DC3006125F7 /* Inventory Manager */,
				2D8A73B7255DA1D300A333C4 /* launchd */,
				2D5AD1CB253F0DC3006125F7 /* Products */,
			);
			sourceTree = "<group>";
		};
		2D5AD1CB253F0DC3006125F7 /* Products */ = {
			isa = PBXGroup;
			children = (
				2D5AD1CA253F0DC3006125F7 /* InventoryManager.app */,
			);
			name = Products;
			sourceTree = "<group>";
		};
		2D5AD1CC253F0DC3006125F7 /* Inventory Manager */ = {
			isa = PBXGroup;
			children = (
				2D5AD1CD253F0DC3006125F7 /* AppDelegate.swift */,
				2D5AD1F1253F3F13006125F7 /* WindowController.swift */,
				2D5AD1E5253F0FDA006125F7 /* HomeViewController.swift */,
				2D5AD1E9253F1A87006125F7 /* SystemViewController.swift */,
				2D151B4B2541B78E00F17A2A /* LocationViewController.swift */,
				2D338E712559C00100FD5E1E /* UserViewController.swift */,
				2D2A112B254852A100E7F57D /* FinishViewController.swift */,
				2D5AD1D1253F0DC4006125F7 /* Assets.xcassets */,
				2D5AD1D3253F0DC4006125F7 /* Main.storyboard */,
				2D5AD1D6253F0DC4006125F7 /* Info.plist */,
				2D5AD1D7253F0DC4006125F7 /* Inventory_Manager.entitlements */,
			);
			path = "Inventory Manager";
			sourceTree = "<group>";
		};
		2D69FC51254AF5B500FA5F8A /* Services */ = {
			isa = PBXGroup;
			children = (
				2D69FC52254AF5F000FA5F8A /* HttpClient.swift */,
				2D69FC5A25543BF400FA5F8A /* LocationService.swift */,
			);
			path = Services;
			sourceTree = "<group>";
		};
		2D69FC5625506A9A00FA5F8A /* Extensions */ = {
			isa = PBXGroup;
			children = (
				2D69FC5725506AAF00FA5F8A /* String.extensions.swift */,
				2D69FC5D25544C6400FA5F8A /* Notification.extensions.swift */,
			);
			path = Extensions;
			sourceTree = "<group>";
		};
		2D8A73B7255DA1D300A333C4 /* launchd */ = {
			isa = PBXGroup;
			children = (
				2D56C47E256702F800EBFFC4 /* com.CAInventoryManager.plist */,
			);
			path = launchd;
			sourceTree = "<group>";
		};
/* End PBXGroup section */

/* Begin PBXNativeTarget section */
		2D5AD1C9253F0DC3006125F7 /* InventoryManager */ = {
			isa = PBXNativeTarget;
			buildConfigurationList = 2D5AD1DA253F0DC4006125F7 /* Build configuration list for PBXNativeTarget "InventoryManager" */;
			buildPhases = (
				2D5AD1C6253F0DC3006125F7 /* Sources */,
				2D5AD1C7253F0DC3006125F7 /* Frameworks */,
				2D5AD1C8253F0DC3006125F7 /* Resources */,
				2D8A73A4255C50B500A333C4 /* Copy Files */,
			);
			buildRules = (
			);
			dependencies = (
			);
			name = InventoryManager;
			productName = "Inventory Tracker";
			productReference = 2D5AD1CA253F0DC3006125F7 /* InventoryManager.app */;
			productType = "com.apple.product-type.application";
		};
/* End PBXNativeTarget section */

/* Begin PBXProject section */
		2D5AD1C2253F0DC3006125F7 /* Project object */ = {
			isa = PBXProject;
			attributes = {
				LastSwiftUpdateCheck = 1200;
				LastUpgradeCheck = 1200;
				TargetAttributes = {
					2D5AD1C9253F0DC3006125F7 = {
						CreatedOnToolsVersion = 12.0.1;
					};
				};
			};
			buildConfigurationList = 2D5AD1C5253F0DC3006125F7 /* Build configuration list for PBXProject "InventoryManager" */;
			compatibilityVersion = "Xcode 9.3";
			developmentRegion = en;
			hasScannedForEncodings = 0;
			knownRegions = (
				en,
				Base,
			);
			mainGroup = 2D5AD1C1253F0DC3006125F7;
			productRefGroup = 2D5AD1CB253F0DC3006125F7 /* Products */;
			projectDirPath = "";
			projectRoot = "";
			targets = (
				2D5AD1C9253F0DC3006125F7 /* InventoryManager */,
			);
		};
/* End PBXProject section */

/* Begin PBXResourcesBuildPhase section */
		2D5AD1C8253F0DC3006125F7 /* Resources */ = {
			isa = PBXResourcesBuildPhase;
			buildActionMask = 2147483647;
			files = (
				2D5AD1D2253F0DC4006125F7 /* Assets.xcassets in Resources */,
				2D56C47F256702F800EBFFC4 /* com.CAInventoryManager.plist in Resources */,
				2D5AD1D5253F0DC4006125F7 /* Main.storyboard in Resources */,
			);
			runOnlyForDeploymentPostprocessing = 0;
		};
/* End PBXResourcesBuildPhase section */

/* Begin PBXSourcesBuildPhase section */
		2D5AD1C6253F0DC3006125F7 /* Sources */ = {
			isa = PBXSourcesBuildPhase;
			buildActionMask = 2147483647;
			files = (
				2D2A114D2549B78C00E7F57D /* FinishViewController.swift in Sources */,
				2D151B4C2541B78E00F17A2A /* LocationViewController.swift in Sources */,
				2D338E722559C00100FD5E1E /* UserViewController.swift in Sources */,
				2D8BBB942549C99300B521FA /* Location.swift in Sources */,
				2D5AD1E6253F0FDA006125F7 /* HomeViewController.swift in Sources */,
				2D69FC5E25544C6400FA5F8A /* Notification.extensions.swift in Sources */,
				2D69FC53254AF5F000FA5F8A /* HttpClient.swift in Sources */,
				2D69FC5825506AAF00FA5F8A /* String.extensions.swift in Sources */,
				2DFAC206256C2085005BCB24 /* User.swift in Sources */,
				2D69FC5B25543BF400FA5F8A /* LocationService.swift in Sources */,
				2D5AD1F2253F3F13006125F7 /* WindowController.swift in Sources */,
				2D5AD1CE253F0DC3006125F7 /* AppDelegate.swift in Sources */,
				2D2A11472549A72000E7F57D /* Device.swift in Sources */,
				2D5AD1EB253F1A87006125F7 /* SystemViewController.swift in Sources */,
			);
			runOnlyForDeploymentPostprocessing = 0;
		};
/* End PBXSourcesBuildPhase section */

/* Begin PBXVariantGroup section */
		2D5AD1D3253F0DC4006125F7 /* Main.storyboard */ = {
			isa = PBXVariantGroup;
			children = (
				2D5AD1D4253F0DC4006125F7 /* Base */,
			);
			name = Main.storyboard;
			sourceTree = "<group>";
		};
/* End PBXVariantGroup section */

/* Begin XCBuildConfiguration section */
		2D5AD1D8253F0DC4006125F7 /* Debug */ = {
			isa = XCBuildConfiguration;
			buildSettings = {
				ALWAYS_SEARCH_USER_PATHS = NO;
				CLANG_ANALYZER_NONNULL = YES;
				CLANG_ANALYZER_NUMBER_OBJECT_CONVERSION = YES_AGGRESSIVE;
				CLANG_CXX_LANGUAGE_STANDARD = "gnu++14";
				CLANG_CXX_LIBRARY = "libc++";
				CLANG_ENABLE_MODULES = YES;
				CLANG_ENABLE_OBJC_ARC = YES;
				CLANG_ENABLE_OBJC_WEAK = YES;
				CLANG_WARN_BLOCK_CAPTURE_AUTORELEASING = YES;
				CLANG_WARN_BOOL_CONVERSION = YES;
				CLANG_WARN_COMMA = YES;
				CLANG_WARN_CONSTANT_CONVERSION = YES;
				CLANG_WARN_DEPRECATED_OBJC_IMPLEMENTATIONS = YES;
				CLANG_WARN_DIRECT_OBJC_ISA_USAGE = YES_ERROR;
				CLANG_WARN_DOCUMENTATION_COMMENTS = YES;
				CLANG_WARN_EMPTY_BODY = YES;
				CLANG_WARN_ENUM_CONVERSION = YES;
				CLANG_WARN_INFINITE_RECURSION = YES;
				CLANG_WARN_INT_CONVERSION = YES;
				CLANG_WARN_NON_LITERAL_NULL_CONVERSION = YES;
				CLANG_WARN_OBJC_IMPLICIT_RETAIN_SELF = YES;
				CLANG_WARN_OBJC_LITERAL_CONVERSION = YES;
				CLANG_WARN_OBJC_ROOT_CLASS = YES_ERROR;
				CLANG_WARN_QUOTED_INCLUDE_IN_FRAMEWORK_HEADER = YES;
				CLANG_WARN_RANGE_LOOP_ANALYSIS = YES;
				CLANG_WARN_STRICT_PROTOTYPES = YES;
				CLANG_WARN_SUSPICIOUS_MOVE = YES;
				CLANG_WARN_UNGUARDED_AVAILABILITY = YES_AGGRESSIVE;
				CLANG_WARN_UNREACHABLE_CODE = YES;
				CLANG_WARN__DUPLICATE_METHOD_MATCH = YES;
				COPY_PHASE_STRIP = NO;
				DEBUG_INFORMATION_FORMAT = dwarf;
				ENABLE_STRICT_OBJC_MSGSEND = YES;
				ENABLE_TESTABILITY = YES;
				GCC_C_LANGUAGE_STANDARD = gnu11;
				GCC_DYNAMIC_NO_PIC = NO;
				GCC_NO_COMMON_BLOCKS = YES;
				GCC_OPTIMIZATION_LEVEL = 0;
				GCC_PREPROCESSOR_DEFINITIONS = (
					"DEBUG=1",
					"$(inherited)",
				);
				GCC_WARN_64_TO_32_BIT_CONVERSION = YES;
				GCC_WARN_ABOUT_RETURN_TYPE = YES_ERROR;
				GCC_WARN_UNDECLARED_SELECTOR = YES;
				GCC_WARN_UNINITIALIZED_AUTOS = YES_AGGRESSIVE;
				GCC_WARN_UNUSED_FUNCTION = YES;
				GCC_WARN_UNUSED_VARIABLE = YES;
				MACOSX_DEPLOYMENT_TARGET = 10.15;
				MTL_ENABLE_DEBUG_INFO = INCLUDE_SOURCE;
				MTL_FAST_MATH = YES;
				ONLY_ACTIVE_ARCH = YES;
				SDKROOT = macosx;
				SWIFT_ACTIVE_COMPILATION_CONDITIONS = DEBUG;
				SWIFT_OPTIMIZATION_LEVEL = "-Onone";
			};
			name = Debug;
		};
		2D5AD1D9253F0DC4006125F7 /* Release */ = {
			isa = XCBuildConfiguration;
			buildSettings = {
				ALWAYS_SEARCH_USER_PATHS = NO;
				CLANG_ANALYZER_NONNULL = YES;
				CLANG_ANALYZER_NUMBER_OBJECT_CONVERSION = YES_AGGRESSIVE;
				CLANG_CXX_LANGUAGE_STANDARD = "gnu++14";
				CLANG_CXX_LIBRARY = "libc++";
				CLANG_ENABLE_MODULES = YES;
				CLANG_ENABLE_OBJC_ARC = YES;
				CLANG_ENABLE_OBJC_WEAK = YES;
				CLANG_WARN_BLOCK_CAPTURE_AUTORELEASING = YES;
				CLANG_WARN_BOOL_CONVERSION = YES;
				CLANG_WARN_COMMA = YES;
				CLANG_WARN_CONSTANT_CONVERSION = YES;
				CLANG_WARN_DEPRECATED_OBJC_IMPLEMENTATIONS = YES;
				CLANG_WARN_DIRECT_OBJC_ISA_USAGE = YES_ERROR;
				CLANG_WARN_DOCUMENTATION_COMMENTS = YES;
				CLANG_WARN_EMPTY_BODY = YES;
				CLANG_WARN_ENUM_CONVERSION = YES;
				CLANG_WARN_INFINITE_RECURSION = YES;
				CLANG_WARN_INT_CONVERSION = YES;
				CLANG_WARN_NON_LITERAL_NULL_CONVERSION = YES;
				CLANG_WARN_OBJC_IMPLICIT_RETAIN_SELF = YES;
				CLANG_WARN_OBJC_LITERAL_CONVERSION = YES;
				CLANG_WARN_OBJC_ROOT_CLASS = YES_ERROR;
				CLANG_WARN_QUOTED_INCLUDE_IN_FRAMEWORK_HEADER = YES;
				CLANG_WARN_RANGE_LOOP_ANALYSIS = YES;
				CLANG_WARN_STRICT_PROTOTYPES = YES;
				CLANG_WARN_SUSPICIOUS_MOVE = YES;
				CLANG_WARN_UNGUARDED_AVAILABILITY = YES_AGGRESSIVE;
				CLANG_WARN_UNREACHABLE_CODE = YES;
				CLANG_WARN__DUPLICATE_METHOD_MATCH = YES;
				COPY_PHASE_STRIP = NO;
				DEBUG_INFORMATION_FORMAT = "dwarf-with-dsym";
				ENABLE_NS_ASSERTIONS = NO;
				ENABLE_STRICT_OBJC_MSGSEND = YES;
				GCC_C_LANGUAGE_STANDARD = gnu11;
				GCC_NO_COMMON_BLOCKS = YES;
				GCC_WARN_64_TO_32_BIT_CONVERSION = YES;
				GCC_WARN_ABOUT_RETURN_TYPE = YES_ERROR;
				GCC_WARN_UNDECLARED_SELECTOR = YES;
				GCC_WARN_UNINITIALIZED_AUTOS = YES_AGGRESSIVE;
				GCC_WARN_UNUSED_FUNCTION = YES;
				GCC_WARN_UNUSED_VARIABLE = YES;
				MACOSX_DEPLOYMENT_TARGET = 10.15;
				MTL_ENABLE_DEBUG_INFO = NO;
				MTL_FAST_MATH = YES;
				SDKROOT = macosx;
				SWIFT_COMPILATION_MODE = wholemodule;
				SWIFT_OPTIMIZATION_LEVEL = "-O";
			};
			name = Release;
		};
		2D5AD1DB253F0DC4006125F7 /* Debug */ = {
			isa = XCBuildConfiguration;
			buildSettings = {
				ASSETCATALOG_COMPILER_APPICON_NAME = AppIcon;
				ASSETCATALOG_COMPILER_GLOBAL_ACCENT_COLOR_NAME = AccentColor;
				CODE_SIGN_ENTITLEMENTS = "Inventory Manager/Inventory_Manager.entitlements";
				CODE_SIGN_IDENTITY = "Apple Development";
				CODE_SIGN_STYLE = Automatic;
				COMBINE_HIDPI_IMAGES = YES;
				DEVELOPMENT_TEAM = STANUUV688;
				INFOPLIST_FILE = "Inventory Manager/Info.plist";
				LD_RUNPATH_SEARCH_PATHS = (
					"$(inherited)",
					"@executable_path/../Frameworks",
				);
				PRODUCT_BUNDLE_IDENTIFIER = "Ryan-Mackin.Inventory-Manager";
				PRODUCT_NAME = "$(TARGET_NAME)";
				SWIFT_VERSION = 5.0;
			};
			name = Debug;
		};
		2D5AD1DC253F0DC4006125F7 /* Release */ = {
			isa = XCBuildConfiguration;
			buildSettings = {
				ASSETCATALOG_COMPILER_APPICON_NAME = AppIcon;
				ASSETCATALOG_COMPILER_GLOBAL_ACCENT_COLOR_NAME = AccentColor;
				CODE_SIGN_ENTITLEMENTS = "Inventory Manager/Inventory_Manager.entitlements";
				CODE_SIGN_IDENTITY = "Apple Development";
				CODE_SIGN_STYLE = Automatic;
				COMBINE_HIDPI_IMAGES = YES;
				DEVELOPMENT_TEAM = STANUUV688;
				INFOPLIST_FILE = "Inventory Manager/Info.plist";
				LD_RUNPATH_SEARCH_PATHS = (
					"$(inherited)",
					"@executable_path/../Frameworks",
				);
				PRODUCT_BUNDLE_IDENTIFIER = "Ryan-Mackin.Inventory-Manager";
				PRODUCT_NAME = "$(TARGET_NAME)";
				SWIFT_VERSION = 5.0;
			};
			name = Release;
		};
/* End XCBuildConfiguration section */

/* Begin XCConfigurationList section */
		2D5AD1C5253F0DC3006125F7 /* Build configuration list for PBXProject "InventoryManager" */ = {
			isa = XCConfigurationList;
			buildConfigurations = (
				2D5AD1D8253F0DC4006125F7 /* Debug */,
				2D5AD1D9253F0DC4006125F7 /* Release */,
			);
			defaultConfigurationIsVisible = 0;
			defaultConfigurationName = Release;
		};
		2D5AD1DA253F0DC4006125F7 /* Build configuration list for PBXNativeTarget "InventoryManager" */ = {
			isa = XCConfigurationList;
			buildConfigurations = (
				2D5AD1DB253F0DC4006125F7 /* Debug */,
				2D5AD1DC253F0DC4006125F7 /* Release */,
			);
			defaultConfigurationIsVisible = 0;
			defaultConfigurationName = Release;
		};
/* End XCConfigurationList section */
	};
	rootObject = 2D5AD1C2253F0DC3006125F7 /* Project object */;
}
